
Microsoft Visual Studio Solution File, Format Version 12.00
# Visual Studio Version 17
VisualStudioVersion = 17.2.32616.157
MinimumVisualStudioVersion = 10.0.40219.1
Project("{FAE04EC0-301F-11D3-BF4B-00C04F79EFBC}") = "TestProyecto2", "TestProyecto2.csproj", "{AB056475-4AF7-4B4E-8158-3214286ABE78}"
EndProject
Global
	GlobalSection(SolutionConfigurationPlatforms) = preSolution
		Debug|Any CPU = Debug|Any CPU
		Release|Any CPU = Release|Any CPU
	EndGlobalSection
	GlobalSection(ProjectConfigurationPlatforms) = postSolution
		{AB056475-4AF7-4B4E-8158-3214286ABE78}.Debug|Any CPU.ActiveCfg = Debug|Any CPU
		{AB056475-4AF7-4B4E-8158-3214286ABE78}.Debug|Any CPU.Build.0 = Debug|Any CPU
		{AB056475-4AF7-4B4E-8158-3214286ABE78}.Release|Any CPU.ActiveCfg = Release|Any CPU
		{AB056475-4AF7-4B4E-8158-3214286ABE78}.Release|Any CPU.Build.0 = Release|Any CPU
	EndGlobalSection
	GlobalSection(SolutionProperties) = preSolution
		HideSolutionNode = FALSE
	EndGlobalSection
	GlobalSection(ExtensibilityGlobals) = postSolution
		SolutionGuid = {58B5D026-28DB-4879-B4C2-9A7DEAA89440}
	EndGlobalSection
EndGlobal
